
Microsoft Visual Studio Solution File, Format Version 12.00
# Visual Studio Version 16
VisualStudioVersion = 16.0.31515.178
MinimumVisualStudioVersion = 10.0.40219.1
Project("{FAE04EC0-301F-11D3-BF4B-00C04F79EFBC}") = "Calculadora_areas_perimetros", "Calculadora_areas_perimetros\Calculadora_areas_perimetros.csproj", "{B3E742DF-2566-49EE-A2A1-60F09E6198A6}"
EndProject
Global
	GlobalSection(SolutionConfigurationPlatforms) = preSolution
		Debug|Any CPU = Debug|Any CPU
		Release|Any CPU = Release|Any CPU
	EndGlobalSection
	GlobalSection(ProjectConfigurationPlatforms) = postSolution
		{B3E742DF-2566-49EE-A2A1-60F09E6198A6}.Debug|Any CPU.ActiveCfg = Debug|Any CPU
		{B3E742DF-2566-49EE-A2A1-60F09E6198A6}.Debug|Any CPU.Build.0 = Debug|Any CPU
		{B3E742DF-2566-49EE-A2A1-60F09E6198A6}.Release|Any CPU.ActiveCfg = Release|Any CPU
		{B3E742DF-2566-49EE-A2A1-60F09E6198A6}.Release|Any CPU.Build.0 = Release|Any CPU
	EndGlobalSection
	GlobalSection(SolutionProperties) = preSolution
		HideSolutionNode = FALSE
	EndGlobalSection
	GlobalSection(ExtensibilityGlobals) = postSolution
		SolutionGuid = {0298299E-C1F3-4CE3-86D5-A73A20D0B84A}
	EndGlobalSection
EndGlobal
